
Microsoft Visual Studio Solution File, Format Version 12.00
# Visual Studio 15
VisualStudioVersion = 15.0.28307.852
MinimumVisualStudioVersion = 10.0.40219.1
Project("{FAE04EC0-301F-11D3-BF4B-00C04F79EFBC}") = "Convertidor_Medidas.Android", "Convertidor_Medidas\Convertidor_Medidas.Android\Convertidor_Medidas.Android.csproj", "{6CDA376D-482E-4167-917C-0AF11BD328DD}"
EndProject
Project("{FAE04EC0-301F-11D3-BF4B-00C04F79EFBC}") = "Convertidor_Medidas.iOS", "Convertidor_Medidas\Convertidor_Medidas.iOS\Convertidor_Medidas.iOS.csproj", "{496BD3BB-28C1-44A6-8F66-7346BCBB84BF}"
EndProject
Project("{FAE04EC0-301F-11D3-BF4B-00C04F79EFBC}") = "Convertidor_Medidas", "Convertidor_Medidas\Convertidor_Medidas\Convertidor_Medidas.csproj", "{3C3C5B50-DB52-497B-BE5B-B656C660D6EC}"
EndProject
Global
	GlobalSection(SolutionConfigurationPlatforms) = preSolution
		Ad-Hoc|Any CPU = Ad-Hoc|Any CPU
		Ad-Hoc|iPhone = Ad-Hoc|iPhone
		Ad-Hoc|iPhoneSimulator = Ad-Hoc|iPhoneSimulator
		AppStore|Any CPU = AppStore|Any CPU
		AppStore|iPhone = AppStore|iPhone
		AppStore|iPhoneSimulator = AppStore|iPhoneSimulator
		Debug|Any CPU = Debug|Any CPU
		Debug|iPhone = Debug|iPhone
		Debug|iPhoneSimulator = Debug|iPhoneSimulator
		Release|Any CPU = Release|Any CPU
		Release|iPhone = Release|iPhone
		Release|iPhoneSimulator = Release|iPhoneSimulator
	EndGlobalSection
	GlobalSection(ProjectConfigurationPlatforms) = postSolution
		{6CDA376D-482E-4167-917C-0AF11BD328DD}.Ad-Hoc|Any CPU.ActiveCfg = Release|Any CPU
		{6CDA376D-482E-4167-917C-0AF11BD328DD}.Ad-Hoc|Any CPU.Build.0 = Release|Any CPU
		{6CDA376D-482E-4167-917C-0AF11BD328DD}.Ad-Hoc|Any CPU.Deploy.0 = Release|Any CPU
		{6CDA376D-482E-4167-917C-0AF11BD328DD}.Ad-Hoc|iPhone.ActiveCfg = Release|Any CPU
		{6CDA376D-482E-4167-917C-0AF11BD328DD}.Ad-Hoc|iPhone.Build.0 = Release|Any CPU
		{6CDA376D-482E-4167-917C-0AF11BD328DD}.Ad-Hoc|iPhone.Deploy.0 = Release|Any CPU
		{6CDA376D-482E-4167-917C-0AF11BD328DD}.Ad-Hoc|iPhoneSimulator.ActiveCfg = Release|Any CPU
		{6CDA376D-482E-4167-917C-0AF11BD328DD}.Ad-Hoc|iPhoneSimulator.Build.0 = Release|Any CPU
		{6CDA376D-482E-4167-917C-0AF11BD328DD}.Ad-Hoc|iPhoneSimulator.Deploy.0 = Release|Any CPU
		{6CDA376D-482E-4167-917C-0AF11BD328DD}.AppStore|Any CPU.ActiveCfg = Release|Any CPU
		{6CDA376D-482E-4167-917C-0AF11BD328DD}.AppStore|Any CPU.Build.0 = Release|Any CPU
		{6CDA376D-482E-4167-917C-0AF11BD328DD}.AppStore|Any CPU.Deploy.0 = Release|Any CPU
		{6CDA376D-482E-4167-917C-0AF11BD328DD}.AppStore|iPhone.ActiveCfg = Release|Any CPU
		{6CDA376D-482E-4167-917C-0AF11BD328DD}.AppStore|iPhone.Build.0 = Release|Any CPU
		{6CDA376D-482E-4167-917C-0AF11BD328DD}.AppStore|iPhone.Deploy.0 = Release|Any CPU
		{6CDA376D-482E-4167-917C-0AF11BD328DD}.AppStore|iPhoneSimulator.ActiveCfg = Release|Any CPU
		{6CDA376D-482E-4167-917C-0AF11BD328DD}.AppStore|iPhoneSimulator.Build.0 = Release|Any CPU
		{6CDA376D-482E-4167-917C-0AF11BD328DD}.AppStore|iPhoneSimulator.Deploy.0 = Release|Any CPU
		{6CDA376D-482E-4167-917C-0AF11BD328DD}.Debug|Any CPU.ActiveCfg = Debug|Any CPU
		{6CDA376D-482E-4167-917C-0AF11BD328DD}.Debug|Any CPU.Build.0 = Debug|Any CPU
		{6CDA376D-482E-4167-917C-0AF11BD328DD}.Debug|Any CPU.Deploy.0 = Debug|Any CPU
		{6CDA376D-482E-4167-917C-0AF11BD328DD}.Debug|iPhone.ActiveCfg = Debug|Any CPU
		{6CDA376D-482E-4167-917C-0AF11BD328DD}.Debug|iPhone.Build.0 = Debug|Any CPU
		{6CDA376D-482E-4167-917C-0AF11BD328DD}.Debug|iPhone.Deploy.0 = Debug|Any CPU
		{6CDA376D-482E-4167-917C-0AF11BD328DD}.Debug|iPhoneSimulator.ActiveCfg = Debug|Any CPU
		{6CDA376D-482E-4167-917C-0AF11BD328DD}.Debug|iPhoneSimulator.Build.0 = Debug|Any CPU
		{6CDA376D-482E-4167-917C-0AF11BD328DD}.Debug|iPhoneSimulator.Deploy.0 = Debug|Any CPU
		{6CDA376D-482E-4167-917C-0AF11BD328DD}.Release|Any CPU.ActiveCfg = Release|Any CPU
		{6CDA376D-482E-4167-917C-0AF11BD328DD}.Release|Any CPU.Build.0 = Release|Any CPU
		{6CDA376D-482E-4167-917C-0AF11BD328DD}.Release|Any CPU.Deploy.0 = Release|Any CPU
		{6CDA376D-482E-4167-917C-0AF11BD328DD}.Release|iPhone.ActiveCfg = Release|Any CPU
		{6CDA376D-482E-4167-917C-0AF11BD328DD}.Release|iPhone.Build.0 = Release|Any CPU
		{6CDA376D-482E-4167-917C-0AF11BD328DD}.Release|iPhone.Deploy.0 = Release|Any CPU
		{6CDA376D-482E-4167-917C-0AF11BD328DD}.Release|iPhoneSimulator.ActiveCfg = Release|Any CPU
		{6CDA376D-482E-4167-917C-0AF11BD328DD}.Release|iPhoneSimulator.Build.0 = Release|Any CPU
		{6CDA376D-482E-4167-917C-0AF11BD328DD}.Release|iPhoneSimulator.Deploy.0 = Release|Any CPU
		{496BD3BB-28C1-44A6-8F66-7346BCBB84BF}.Ad-Hoc|Any CPU.ActiveCfg = Ad-Hoc|iPhone
		{496BD3BB-28C1-44A6-8F66-7346BCBB84BF}.Ad-Hoc|Any CPU.Build.0 = Ad-Hoc|iPhone
		{496BD3BB-28C1-44A6-8F66-7346BCBB84BF}.Ad-Hoc|Any CPU.Deploy.0 = Ad-Hoc|iPhone
		{496BD3BB-28C1-44A6-8F66-7346BCBB84BF}.Ad-Hoc|iPhone.ActiveCfg = Ad-Hoc|iPhone
		{496BD3BB-28C1-44A6-8F66-7346BCBB84BF}.Ad-Hoc|iPhone.Build.0 = Ad-Hoc|iPhone
		{496BD3BB-28C1-44A6-8F66-7346BCBB84BF}.Ad-Hoc|iPhone.Deploy.0 = Ad-Hoc|iPhone
		{496BD3BB-28C1-44A6-8F66-7346BCBB84BF}.Ad-Hoc|iPhoneSimulator.ActiveCfg = Ad-Hoc|iPhoneSimulator
		{496BD3BB-28C1-44A6-8F66-7346BCBB84BF}.Ad-Hoc|iPhoneSimulator.Build.0 = Ad-Hoc|iPhoneSimulator
		{496BD3BB-28C1-44A6-8F66-7346BCBB84BF}.Ad-Hoc|iPhoneSimulator.Deploy.0 = Ad-Hoc|iPhoneSimulator
		{496BD3BB-28C1-44A6-8F66-7346BCBB84BF}.AppStore|Any CPU.ActiveCfg = AppStore|iPhone
		{496BD3BB-28C1-44A6-8F66-7346BCBB84BF}.AppStore|Any CPU.Build.0 = AppStore|iPhone
		{496BD3BB-28C1-44A6-8F66-7346BCBB84BF}.AppStore|Any CPU.Deploy.0 = AppStore|iPhone
		{496BD3BB-28C1-44A6-8F66-7346BCBB84BF}.AppStore|iPhone.ActiveCfg = AppStore|iPhone
		{496BD3BB-28C1-44A6-8F66-7346BCBB84BF}.AppStore|iPhone.Build.0 = AppStore|iPhone
		{496BD3BB-28C1-44A6-8F66-7346BCBB84BF}.AppStore|iPhone.Deploy.0 = AppStore|iPhone
		{496BD3BB-28C1-44A6-8F66-7346BCBB84BF}.AppStore|iPhoneSimulator.ActiveCfg = AppStore|iPhoneSimulator
		{496BD3BB-28C1-44A6-8F66-7346BCBB84BF}.AppStore|iPhoneSimulator.Build.0 = AppStore|iPhoneSimulator
		{496BD3BB-28C1-44A6-8F66-7346BCBB84BF}.AppStore|iPhoneSimulator.Deploy.0 = AppStore|iPhoneSimulator
		{496BD3BB-28C1-44A6-8F66-7346BCBB84BF}.Debug|Any CPU.ActiveCfg = Debug|iPhoneSimulator
		{496BD3BB-28C1-44A6-8F66-7346BCBB84BF}.Debug|Any CPU.Build.0 = Debug|iPhoneSimulator
		{496BD3BB-28C1-44A6-8F66-7346BCBB84BF}.Debug|Any CPU.Deploy.0 = Debug|iPhoneSimulator
		{496BD3BB-28C1-44A6-8F66-7346BCBB84BF}.Debug|iPhone.ActiveCfg = Debug|iPhone
		{496BD3BB-28C1-44A6-8F66-7346BCBB84BF}.Debug|iPhone.Build.0 = Debug|iPhone
		{496BD3BB-28C1-44A6-8F66-7346BCBB84BF}.Debug|iPhone.Deploy.0 = Debug|iPhone
		{496BD3BB-28C1-44A6-8F66-7346BCBB84BF}.Debug|iPhoneSimulator.ActiveCfg = Debug|iPhoneSimulator
		{496BD3BB-28C1-44A6-8F66-7346BCBB84BF}.Debug|iPhoneSimulator.Build.0 = Debug|iPhoneSimulator
		{496BD3BB-28C1-44A6-8F66-7346BCBB84BF}.Debug|iPhoneSimulator.Deploy.0 = Debug|iPhoneSimulator
		{496BD3BB-28C1-44A6-8F66-7346BCBB84BF}.Release|Any CPU.ActiveCfg = Release|iPhone
		{496BD3BB-28C1-44A6-8F66-7346BCBB84BF}.Release|Any CPU.Build.0 = Release|iPhone
		{496BD3BB-28C1-44A6-8F66-7346BCBB84BF}.Release|Any CPU.Deploy.0 = Release|iPhone
		{496BD3BB-28C1-44A6-8F66-7346BCBB84BF}.Release|iPhone.ActiveCfg = Release|iPhone
		{496BD3BB-28C1-44A6-8F66-7346BCBB84BF}.Release|iPhone.Build.0 = Release|iPhone
		{496BD3BB-28C1-44A6-8F66-7346BCBB84BF}.Release|iPhone.Deploy.0 = Release|iPhone
		{496BD3BB-28C1-44A6-8F66-7346BCBB84BF}.Release|iPhoneSimulator.ActiveCfg = Release|iPhoneSimulator
		{496BD3BB-28C1-44A6-8F66-7346BCBB84BF}.Release|iPhoneSimulator.Build.0 = Release|iPhoneSimulator
		{496BD3BB-28C1-44A6-8F66-7346BCBB84BF}.Release|iPhoneSimulator.Deploy.0 = Release|iPhoneSimulator
		{3C3C5B50-DB52-497B-BE5B-B656C660D6EC}.Ad-Hoc|Any CPU.ActiveCfg = Debug|Any CPU
		{3C3C5B50-DB52-497B-BE5B-B656C660D6EC}.Ad-Hoc|Any CPU.Build.0 = Debug|Any CPU
		{3C3C5B50-DB52-497B-BE5B-B656C660D6EC}.Ad-Hoc|Any CPU.Deploy.0 = Debug|Any CPU
		{3C3C5B50-DB52-497B-BE5B-B656C660D6EC}.Ad-Hoc|iPhone.ActiveCfg = Debug|Any CPU
		{3C3C5B50-DB52-497B-BE5B-B656C660D6EC}.Ad-Hoc|iPhone.Build.0 = Debug|Any CPU
		{3C3C5B50-DB52-497B-BE5B-B656C660D6EC}.Ad-Hoc|iPhone.Deploy.0 = Debug|Any CPU
		{3C3C5B50-DB52-497B-BE5B-B656C660D6EC}.Ad-Hoc|iPhoneSimulator.ActiveCfg = Debug|Any CPU
		{3C3C5B50-DB52-497B-BE5B-B656C660D6EC}.Ad-Hoc|iPhoneSimulator.Build.0 = Debug|Any CPU
		{3C3C5B50-DB52-497B-BE5B-B656C660D6EC}.Ad-Hoc|iPhoneSimulator.Deploy.0 = Debug|Any CPU
		{3C3C5B50-DB52-497B-BE5B-B656C660D6EC}.AppStore|Any CPU.ActiveCfg = Debug|Any CPU
		{3C3C5B50-DB52-497B-BE5B-B656C660D6EC}.AppStore|Any CPU.Build.0 = Debug|Any CPU
		{3C3C5B50-DB52-497B-BE5B-B656C660D6EC}.AppStore|Any CPU.Deploy.0 = Debug|Any CPU
		{3C3C5B50-DB52-497B-BE5B-B656C660D6EC}.AppStore|iPhone.ActiveCfg = Debug|Any CPU
		{3C3C5B50-DB52-497B-BE5B-B656C660D6EC}.AppStore|iPhone.Build.0 = Debug|Any CPU
		{3C3C5B50-DB52-497B-BE5B-B656C660D6EC}.AppStore|iPhone.Deploy.0 = Debug|Any CPU
		{3C3C5B50-DB52-497B-BE5B-B656C660D6EC}.AppStore|iPhoneSimulator.ActiveCfg = Debug|Any CPU
		{3C3C5B50-DB52-497B-BE5B-B656C660D6EC}.AppStore|iPhoneSimulator.Build.0 = Debug|Any CPU
		{3C3C5B50-DB52-497B-BE5B-B656C660D6EC}.AppStore|iPhoneSimulator.Deploy.0 = Debug|Any CPU
		{3C3C5B50-DB52-497B-BE5B-B656C660D6EC}.Debug|Any CPU.ActiveCfg = Debug|Any CPU
		{3C3C5B50-DB52-497B-BE5B-B656C660D6EC}.Debug|Any CPU.Build.0 = Debug|Any CPU
		{3C3C5B50-DB52-497B-BE5B-B656C660D6EC}.Debug|Any CPU.Deploy.0 = Debug|Any CPU
		{3C3C5B50-DB52-497B-BE5B-B656C660D6EC}.Debug|iPhone.ActiveCfg = Debug|Any CPU
		{3C3C5B50-DB52-497B-BE5B-B656C660D6EC}.Debug|iPhone.Build.0 = Debug|Any CPU
		{3C3C5B50-DB52-497B-BE5B-B656C660D6EC}.Debug|iPhone.Deploy.0 = Debug|Any CPU
		{3C3C5B50-DB52-497B-BE5B-B656C660D6EC}.Debug|iPhoneSimulator.ActiveCfg = Debug|Any CPU
		{3C3C5B50-DB52-497B-BE5B-B656C660D6EC}.Debug|iPhoneSimulator.Build.0 = Debug|Any CPU
		{3C3C5B50-DB52-497B-BE5B-B656C660D6EC}.Debug|iPhoneSimulator.Deploy.0 = Debug|Any CPU
		{3C3C5B50-DB52-497B-BE5B-B656C660D6EC}.Release|Any CPU.ActiveCfg = Release|Any CPU
		{3C3C5B50-DB52-497B-BE5B-B656C660D6EC}.Release|Any CPU.Build.0 = Release|Any CPU
		{3C3C5B50-DB52-497B-BE5B-B656C660D6EC}.Release|Any CPU.Deploy.0 = Release|Any CPU
		{3C3C5B50-DB52-497B-BE5B-B656C660D6EC}.Release|iPhone.ActiveCfg = Release|Any CPU
		{3C3C5B50-DB52-497B-BE5B-B656C660D6EC}.Release|iPhone.Build.0 = Release|Any CPU
		{3C3C5B50-DB52-497B-BE5B-B656C660D6EC}.Release|iPhone.Deploy.0 = Release|Any CPU
		{3C3C5B50-DB52-497B-BE5B-B656C660D6EC}.Release|iPhoneSimulator.ActiveCfg = Release|Any CPU
		{3C3C5B50-DB52-497B-BE5B-B656C660D6EC}.Release|iPhoneSimulator.Build.0 = Release|Any CPU
		{3C3C5B50-DB52-497B-BE5B-B656C660D6EC}.Release|iPhoneSimulator.Deploy.0 = Release|Any CPU
	EndGlobalSection
	GlobalSection(SolutionProperties) = preSolution
		HideSolutionNode = FALSE
	EndGlobalSection
	GlobalSection(ExtensibilityGlobals) = postSolution
		SolutionGuid = {510099C0-0EB1-4337-8E34-69B6F106BB28}
	EndGlobalSection
EndGlobal
